<?xml version="1.0" encoding="utf-8"?>
<Project ToolsVersion="4.0" xmlns="http://schemas.microsoft.com/developer/msbuild/2003">
  <ItemGroup>
    <ClCompile Include="glew-2.1.0\glew.c" />
    <ClCompile Include="glmath.cpp" />
    <ClCompile Include="Hardware.cpp" />
    <ClCompile Include="ImGui\imgui.cpp" />
    <ClCompile Include="ImGui\imgui_demo.cpp" />
    <ClCompile Include="ImGui\imgui_draw.cpp" />
    <ClCompile Include="imgui_impl_sdl.cpp" />
    <ClCompile Include="Light.cpp" />
    <ClCompile Include="log.cpp" />
    <ClCompile Include="PerfTimer.cpp" />
    <ClCompile Include="PhysBody3D.cpp" />
    <ClCompile Include="PhysVehicle3D.cpp" />
    <ClCompile Include="Primitive.cpp" />
    <ClCompile Include="Timer.cpp" />
    <ClCompile Include="ComponentMaterial.cpp">
      <Filter>GameObject</Filter>
    </ClCompile>
    <ClCompile Include="ComponentMesh.cpp">
      <Filter>GameObject</Filter>
    </ClCompile>
    <ClCompile Include="GameObject.cpp">
      <Filter>GameObject</Filter>
    </ClCompile>
    <ClCompile Include="Component.cpp">
      <Filter>GameObject</Filter>
    </ClCompile>
    <ClCompile Include="ComponentTransform.cpp">
      <Filter>GameObject</Filter>
    </ClCompile>
    <ClCompile Include="ModuleAssimp.cpp">
      <Filter>Modules</Filter>
    </ClCompile>
    <ClCompile Include="ModuleAudio.cpp">
      <Filter>Modules</Filter>
    </ClCompile>
    <ClCompile Include="ModuleCamera3D.cpp">
      <Filter>Modules</Filter>
    </ClCompile>
    <ClCompile Include="ModuleEditorUI.cpp">
      <Filter>Modules</Filter>
    </ClCompile>
    <ClCompile Include="ModuleInput.cpp">
      <Filter>Modules</Filter>
    </ClCompile>
    <ClCompile Include="ModuleParson.cpp">
      <Filter>Modules</Filter>
    </ClCompile>
    <ClCompile Include="ModulePhysics3D.cpp">
      <Filter>Modules</Filter>
    </ClCompile>
    <ClCompile Include="ModulePlayer.cpp">
      <Filter>Modules</Filter>
    </ClCompile>
    <ClCompile Include="ModuleRenderer3D.cpp">
      <Filter>Modules</Filter>
    </ClCompile>
    <ClCompile Include="ModuleResources.cpp">
      <Filter>Modules</Filter>
    </ClCompile>
    <ClCompile Include="ModuleScene.cpp">
      <Filter>Modules</Filter>
    </ClCompile>
    <ClCompile Include="ModuleWindow.cpp">
      <Filter>Modules</Filter>
    </ClCompile>
    <ClCompile Include="ComponentCamera.cpp">
      <Filter>GameObject</Filter>
    </ClCompile>
    <ClCompile Include="ModuleResources.cpp" />
    <ClCompile Include="MathGeoLib\Geometry\Frustum.cpp" />
    <ClCompile Include="PanelSceneTree.cpp" />
    <ClCompile Include="MathGeoLib\Algorithm\Random\LCG.cpp" />
    <ClCompile Include="MathGeoLib\Geometry\AABB.cpp" />
    <ClCompile Include="MathGeoLib\Geometry\Capsule.cpp" />
    <ClCompile Include="MathGeoLib\Geometry\Circle.cpp" />
    <ClCompile Include="MathGeoLib\Geometry\Frustum.cpp" />
    <ClCompile Include="MathGeoLib\Geometry\Line.cpp" />
    <ClCompile Include="MathGeoLib\Geometry\LineSegment.cpp" />
    <ClCompile Include="MathGeoLib\Geometry\OBB.cpp" />
    <ClCompile Include="MathGeoLib\Geometry\Plane.cpp" />
    <ClCompile Include="MathGeoLib\Geometry\Polygon.cpp" />
    <ClCompile Include="MathGeoLib\Geometry\Polyhedron.cpp" />
    <ClCompile Include="MathGeoLib\Geometry\Triangle.cpp" />
    <ClCompile Include="MathGeoLib\Geometry\TriangleMesh.cpp" />
    <ClCompile Include="MathGeoLib\Geometry\Ray.cpp" />
    <ClCompile Include="MathGeoLib\Geometry\Sphere.cpp" />
    <ClCompile Include="MathGeoLib\Geometry\Triangle.cpp" />
    <ClCompile Include="MathGeoLib\Geometry\TriangleMesh.cpp" />
    <ClCompile Include="MathGeoLib\Math\BitOps.cpp" />
    <ClCompile Include="MathGeoLib\Math\float2.cpp" />
    <ClCompile Include="MathGeoLib\Math\float3.cpp" />
    <ClCompile Include="MathGeoLib\Math\float3x3.cpp" />
    <ClCompile Include="MathGeoLib\Math\float3x4.cpp" />
    <ClCompile Include="MathGeoLib\Math\float4.cpp" />
    <ClCompile Include="MathGeoLib\Math\float4x4.cpp" />
    <ClCompile Include="MathGeoLib\Math\MathFunc.cpp" />
    <ClCompile Include="MathGeoLib\Math\MathLog.cpp" />
    <ClCompile Include="MathGeoLib\Math\MathOps.cpp" />
    <ClCompile Include="MathGeoLib\Math\Polynomial.cpp" />
    <ClCompile Include="MathGeoLib\Math\TransformOps.cpp" />
    <ClCompile Include="ModulePicker.cpp">
      <Filter>Modules</Filter>
    </ClCompile>
    <ClCompile Include="PanelSceneTree.cpp">
      <Filter>Panels</Filter>
    </ClCompile>
    <ClCompile Include="PanelInspector.cpp">
      <Filter>Panels</Filter>
    </ClCompile>
    <ClCompile Include="PanelConsole.cpp">
      <Filter>Panels</Filter>
    </ClCompile>
    <ClCompile Include="PanelAbout.cpp">
      <Filter>Panels</Filter>
    </ClCompile>
    <ClCompile Include="Panel.cpp">
      <Filter>Panels</Filter>
    </ClCompile>
    <ClCompile Include="parson.c">
      <Filter>Tools\Parson</Filter>
    </ClCompile>
    <ClCompile Include="mmgr\mmgr.cpp">
      <Filter>Tools\mmgr</Filter>
    </ClCompile>
    <ClCompile Include="MathGeoLib\Geometry\AABB.cpp">
      <Filter>Tools\Math</Filter>
    </ClCompile>
    <ClCompile Include="Color.cpp">
      <Filter>Tools\Math</Filter>
    </ClCompile>
    <ClCompile Include="MathGeoLib\Time\Clock.cpp">
      <Filter>Tools\Math</Filter>
    </ClCompile>
    <ClCompile Include="MathGeoLib\Geometry\Circle.cpp">
      <Filter>Tools\Math</Filter>
    </ClCompile>
    <ClCompile Include="MathGeoLib\Geometry\Capsule.cpp">
      <Filter>Tools\Math</Filter>
    </ClCompile>
    <ClCompile Include="MathGeoLib\Math\BitOps.cpp">
      <Filter>Tools\Math</Filter>
    </ClCompile>
    <ClCompile Include="DebugDraw.cpp">
      <Filter>Tools</Filter>
    </ClCompile>
    <ClCompile Include="Application.cpp">
      <Filter>Application</Filter>
    </ClCompile>
    <ClCompile Include="gpudetect\DeviceId.cpp">
      <Filter>Tools\gpudetect</Filter>
    </ClCompile>
    <ClCompile Include="MathGeoLib\Math\float2.cpp">
      <Filter>Tools\Math</Filter>
    </ClCompile>
    <ClCompile Include="MathGeoLib\Math\float3.cpp">
      <Filter>Tools\Math</Filter>
    </ClCompile>
    <ClCompile Include="MathGeoLib\Math\float3x3.cpp">
      <Filter>Tools\Math</Filter>
    </ClCompile>
    <ClCompile Include="MathGeoLib\Math\float3x4.cpp">
      <Filter>Tools\Math</Filter>
    </ClCompile>
    <ClCompile Include="MathGeoLib\Math\float4.cpp">
      <Filter>Tools\Math</Filter>
    </ClCompile>
    <ClCompile Include="MathGeoLib\Math\float4x4.cpp">
      <Filter>Tools\Math</Filter>
    </ClCompile>
    <ClCompile Include="MathGeoLib\Algorithm\Random\LCG.cpp">
      <Filter>Tools\Math</Filter>
    </ClCompile>
    <ClCompile Include="MathGeoLib\Geometry\Line.cpp">
      <Filter>Tools\Math</Filter>
    </ClCompile>
    <ClCompile Include="MathGeoLib\Geometry\LineSegment.cpp">
      <Filter>Tools\Math</Filter>
    </ClCompile>
    <ClCompile Include="Main.cpp">
      <Filter>Application\Main</Filter>
    </ClCompile>
    <ClCompile Include="Primitive.cpp">
      <Filter>Tools\Math</Filter>
    </ClCompile>
    <ClCompile Include="MathGeoLib\Math\Quat.cpp">
      <Filter>Tools\Math</Filter>
    </ClCompile>
    <ClCompile Include="MathGeoLib\Geometry\Ray.cpp">
      <Filter>Tools\Math</Filter>
    </ClCompile>
    <ClCompile Include="MathGeoLib\Geometry\Sphere.cpp">
      <Filter>Tools\Math</Filter>
    </ClCompile>
    <ClCompile Include="MathGeoLib\Math\SSEMath.cpp">
      <Filter>Tools\Math</Filter>
    </ClCompile>
    <ClCompile Include="Timer.cpp">
      <Filter>Tools\Math</Filter>
    </ClCompile>
    <ClCompile Include="ImGuizmo\ImGuizmo.cpp">
      <Filter>Tools\ImGuizmo</Filter>
    </ClCompile>
    <ClCompile Include="MathGeoLib\Math\Quat.cpp" />
    <ClCompile Include="MathGeoLib\Math\SSEMath.cpp" />
    <ClCompile Include="MathGeoLib\Math\TransformOps.cpp" />
    <ClCompile Include="MathGeoLib\Time\Clock.cpp" />
    <ClCompile Include="ModuleFileSystem.cpp">
      <Filter>Modules</Filter>
    </ClCompile>
    <ClCompile Include="ModuleTextures.cpp">
      <Filter>Modules</Filter>
    </ClCompile>
    <ClCompile Include="HelperFoos.cpp" />
    <ClCompile Include="md5.cpp" />
    <ClCompile Include="ModuleQuadtree.cpp">
      <Filter>Modules</Filter>
    </ClCompile>
    <ClCompile Include="QuadTreeh.cpp">
      <Filter>Tools</Filter>
    </ClCompile>
    <ClCompile Include="ModuleFileSystem.cpp">
      <Filter>Modules</Filter>
    </ClCompile>
  </ItemGroup>
  <ItemGroup>
    <ClInclude Include="glew-2.1.0\include\GL\eglew.h" />
    <ClInclude Include="glew-2.1.0\include\GL\glew.h" />
    <ClInclude Include="glew-2.1.0\include\GL\glxew.h" />
    <ClInclude Include="glew-2.1.0\include\GL\wglew.h" />
    <ClInclude Include="glmath.h" />
    <ClInclude Include="Globals.h" />
    <ClInclude Include="gpudetect\dxgi1_4.h" />
    <ClInclude Include="Hardware.h" />
    <ClInclude Include="HelperFoos.h" />
    <ClInclude Include="imgui_impl_sdl.h" />
    <ClInclude Include="Light.h" />
    <ClInclude Include="PerfTimer.h" />
    <ClInclude Include="PhysBody3D.h" />
    <ClInclude Include="PhysVehicle3D.h" />
    <ClInclude Include="Primitive.h" />
    <ClInclude Include="Timer.h" />
    <ClInclude Include="ComponentTransform.h">
      <Filter>GameObject</Filter>
    </ClInclude>
    <ClInclude Include="Component.h">
      <Filter>GameObject</Filter>
    </ClInclude>
    <ClInclude Include="ComponentMaterial.h">
      <Filter>GameObject</Filter>
    </ClInclude>
    <ClInclude Include="ComponentMesh.h">
      <Filter>GameObject</Filter>
    </ClInclude>
    <ClInclude Include="GameObject.h">
      <Filter>GameObject</Filter>
    </ClInclude>
    <ClInclude Include="Module.h">
      <Filter>Modules</Filter>
    </ClInclude>
    <ClInclude Include="ModuleAssimp.h">
      <Filter>Modules</Filter>
    </ClInclude>
    <ClInclude Include="ModuleAudio.h">
      <Filter>Modules</Filter>
    </ClInclude>
    <ClInclude Include="ModuleCamera3D.h">
      <Filter>Modules</Filter>
    </ClInclude>
    <ClInclude Include="ModuleEditorUI.h">
      <Filter>Modules</Filter>
    </ClInclude>
    <ClInclude Include="ModuleInput.h">
      <Filter>Modules</Filter>
    </ClInclude>
    <ClInclude Include="ModuleParson.h">
      <Filter>Modules</Filter>
    </ClInclude>
    <ClInclude Include="ModulePhysics3D.h">
      <Filter>Modules</Filter>
    </ClInclude>
    <ClInclude Include="ModulePlayer.h">
      <Filter>Modules</Filter>
    </ClInclude>
    <ClInclude Include="ModuleRenderer3D.h">
      <Filter>Modules</Filter>
    </ClInclude>
    <ClInclude Include="ModuleResources.h">
      <Filter>Modules</Filter>
    </ClInclude>
    <ClInclude Include="ModuleScene.h">
      <Filter>Modules</Filter>
    </ClInclude>
    <ClInclude Include="ModuleWindow.h">
      <Filter>Modules</Filter>
    </ClInclude>
    <ClInclude Include="ComponentCamera.h">
      <Filter>GameObject</Filter>
    </ClInclude>
    <ClInclude Include="DebugDraw.h">
      <Filter>Tools</Filter>
    </ClInclude>
    <ClInclude Include="ModuleResources.h" />
    <ClInclude Include="MathGeoLib\Algorithm\GJK.h" />
    <ClInclude Include="MathGeoLib\Algorithm\SAT.h" />
    <ClInclude Include="MathGeoLib\emscripten\library_system.h" />
    <ClInclude Include="PanelSceneTree.h" />
    <ClInclude Include="MathGeoLib\Algorithm\GJK.h" />
    <ClInclude Include="MathGeoLib\Algorithm\Random\LCG.h" />
    <ClInclude Include="MathGeoLib\Algorithm\SAT.h" />
    <ClInclude Include="MathGeoLib\emscripten\library_system.h" />
    <ClInclude Include="MathGeoLib\Geometry\AABB.h" />
    <ClInclude Include="MathGeoLib\Geometry\AABB2D.h" />
    <ClInclude Include="MathGeoLib\Geometry\Capsule.h" />
    <ClInclude Include="MathGeoLib\Geometry\Circle.h" />
    <ClInclude Include="MathGeoLib\Geometry\Frustum.h" />
    <ClInclude Include="MathGeoLib\Geometry\GeometryAll.h" />
    <ClInclude Include="MathGeoLib\Geometry\GeomType.h" />
    <ClInclude Include="MathGeoLib\Geometry\HitInfo.h" />
    <ClInclude Include="MathGeoLib\Geometry\KDTree.h" />
    <ClInclude Include="MathGeoLib\Geometry\Line.h" />
    <ClInclude Include="MathGeoLib\Geometry\LineSegment.h" />
    <ClInclude Include="MathGeoLib\Geometry\OBB.h" />
    <ClInclude Include="MathGeoLib\Geometry\PBVolume.h" />
    <ClInclude Include="MathGeoLib\Geometry\Plane.h" />
    <ClInclude Include="MathGeoLib\Geometry\Polygon.h" />
    <ClInclude Include="MathGeoLib\Geometry\Polyhedron.h" />
    <ClInclude Include="MathGeoLib\Geometry\QuadTree.h" />
    <ClInclude Include="MathGeoLib\Geometry\Ray.h" />
    <ClInclude Include="MathGeoLib\Geometry\Sphere.h" />
    <ClInclude Include="MathGeoLib\Geometry\Triangle.h" />
    <ClInclude Include="MathGeoLib\Geometry\TriangleMesh.h" />
    <ClInclude Include="MathGeoLib\MathBuildConfig.h" />
    <ClInclude Include="MathGeoLib\MathGeoLib.h" />
    <ClInclude Include="MathGeoLib\MathGeoLibFwd.h" />
    <ClInclude Include="MathGeoLib\Math\assume.h" />
    <ClInclude Include="MathGeoLib\Math\BitOps.h" />
    <ClInclude Include="MathGeoLib\Math\FixedPoint.h" />
    <ClInclude Include="MathGeoLib\Math\float2.h" />
    <ClInclude Include="MathGeoLib\Math\float3.h" />
    <ClInclude Include="MathGeoLib\Math\float3x3.h" />
    <ClInclude Include="MathGeoLib\Math\float3x4.h" />
    <ClInclude Include="MathGeoLib\Math\float4.h" />
    <ClInclude Include="MathGeoLib\Math\float4d.h" />
    <ClInclude Include="MathGeoLib\Math\float4x4.h" />
    <ClInclude Include="MathGeoLib\Math\float4x4_neon.h" />
    <ClInclude Include="MathGeoLib\Math\float4x4_sse.h" />
    <ClInclude Include="MathGeoLib\Math\float4_neon.h" />
    <ClInclude Include="MathGeoLib\Math\float4_sse.h" />
    <ClInclude Include="MathGeoLib\Math\FloatCmp.h" />
    <ClInclude Include="MathGeoLib\Math\grisu3.h" />
    <ClInclude Include="MathGeoLib\Math\InclWindows.h" />
    <ClInclude Include="MathGeoLib\Math\MathAll.h" />
    <ClInclude Include="MathGeoLib\Math\MathConstants.h" />
    <ClInclude Include="MathGeoLib\Math\MathFunc.h" />
    <ClInclude Include="MathGeoLib\Math\MathLog.h" />
    <ClInclude Include="MathGeoLib\Math\MathNamespace.h" />
    <ClInclude Include="MathGeoLib\Math\MathTypes.h" />
    <ClInclude Include="MathGeoLib\Math\MatrixProxy.h" />
    <ClInclude Include="MathGeoLib\Math\Polynomial.h" />
    <ClInclude Include="MathGeoLib\Math\quat_simd.h" />
    <ClInclude Include="MathGeoLib\Math\Reinterpret.h" />
    <ClInclude Include="MathGeoLib\Math\simd.h" />
    <ClInclude Include="MathGeoLib\Math\TransformOps.h" />
    <ClInclude Include="ModulePicker.h">
      <Filter>Modules</Filter>
    </ClInclude>
    <ClInclude Include="PanelSceneTree.h">
      <Filter>Panels</Filter>
    </ClInclude>
    <ClInclude Include="PanelInspector.h">
      <Filter>Panels</Filter>
    </ClInclude>
    <ClInclude Include="PanelConsole.h">
      <Filter>Panels</Filter>
    </ClInclude>
    <ClInclude Include="PanelAbout.h">
      <Filter>Panels</Filter>
    </ClInclude>
    <ClInclude Include="Panel.h">
      <Filter>Panels</Filter>
    </ClInclude>
    <ClInclude Include="parson.h">
      <Filter>Tools\Parson</Filter>
    </ClInclude>
    <ClInclude Include="mmgr\mmgr.h">
      <Filter>Tools\mmgr</Filter>
    </ClInclude>
    <ClInclude Include="MathGeoLib\Math\myassert.h">
      <Filter>Tools\mmgr</Filter>
    </ClInclude>
    <ClInclude Include="mmgr\nommgr.h">
      <Filter>Tools\mmgr</Filter>
    </ClInclude>
    <ClInclude Include="MathGeoLib\Geometry\AABB.h">
      <Filter>Tools\Math</Filter>
    </ClInclude>
    <ClInclude Include="MathGeoLib\Geometry\AABB2D.h">
      <Filter>Tools\Math</Filter>
    </ClInclude>
    <ClInclude Include="Color.h">
      <Filter>Tools\Math</Filter>
    </ClInclude>
    <ClInclude Include="MathGeoLib\Time\Clock.h">
      <Filter>Tools\Math</Filter>
    </ClInclude>
    <ClInclude Include="MathGeoLib\Geometry\Circle.h">
      <Filter>Tools\Math</Filter>
    </ClInclude>
    <ClInclude Include="MathGeoLib\Geometry\Capsule.h">
      <Filter>Tools\Math</Filter>
    </ClInclude>
    <ClInclude Include="MathGeoLib\Math\BitOps.h">
      <Filter>Tools\Math</Filter>
    </ClInclude>
    <ClInclude Include="MathGeoLib\Math\assume.h">
      <Filter>Tools\Math</Filter>
    </ClInclude>
    <ClInclude Include="Application.h">
      <Filter>Application</Filter>
    </ClInclude>
    <ClInclude Include="gpudetect\DeviceId.h">
      <Filter>Tools\gpudetect</Filter>
    </ClInclude>
    <ClInclude Include="MathGeoLib\Math\FixedPoint.h">
      <Filter>Tools\Math</Filter>
    </ClInclude>
    <ClInclude Include="MathGeoLib\Math\float2.h">
      <Filter>Tools\Math</Filter>
    </ClInclude>
    <ClInclude Include="MathGeoLib\Math\float3.h">
      <Filter>Tools\Math</Filter>
    </ClInclude>
    <ClInclude Include="MathGeoLib\Math\float3x3.h">
      <Filter>Tools\Math</Filter>
    </ClInclude>
    <ClInclude Include="MathGeoLib\Math\float3x4.h">
      <Filter>Tools\Math</Filter>
    </ClInclude>
    <ClInclude Include="MathGeoLib\Math\float4.h">
      <Filter>Tools\Math</Filter>
    </ClInclude>
    <ClInclude Include="MathGeoLib\Math\float4_neon.h">
      <Filter>Tools\Math</Filter>
    </ClInclude>
    <ClInclude Include="MathGeoLib\Math\float4_sse.h">
      <Filter>Tools\Math</Filter>
    </ClInclude>
    <ClInclude Include="MathGeoLib\Math\float4d.h">
      <Filter>Tools\Math</Filter>
    </ClInclude>
    <ClInclude Include="MathGeoLib\Math\float4x4.h">
      <Filter>Tools\Math</Filter>
    </ClInclude>
    <ClInclude Include="MathGeoLib\Math\float4x4_neon.h">
      <Filter>Tools\Math</Filter>
    </ClInclude>
    <ClInclude Include="MathGeoLib\Math\float4x4_sse.h">
      <Filter>Tools\Math</Filter>
    </ClInclude>
    <ClInclude Include="MathGeoLib\Algorithm\Random\LCG.h">
      <Filter>Tools\Math</Filter>
    </ClInclude>
    <ClInclude Include="MathGeoLib\Geometry\Line.h">
      <Filter>Tools\Math</Filter>
    </ClInclude>
    <ClInclude Include="MathGeoLib\Geometry\LineSegment.h">
      <Filter>Tools\Math</Filter>
    </ClInclude>
    <ClInclude Include="Primitive.h">
      <Filter>Tools\Math</Filter>
    </ClInclude>
    <ClInclude Include="MathGeoLib\Math\Quat.h">
      <Filter>Tools\Math</Filter>
    </ClInclude>
    <ClInclude Include="MathGeoLib\Geometry\Ray.h">
      <Filter>Tools\Math</Filter>
    </ClInclude>
    <ClInclude Include="MathGeoLib\Math\Rect.h">
      <Filter>Tools\Math</Filter>
    </ClInclude>
    <ClInclude Include="MathGeoLib\Geometry\Sphere.h">
      <Filter>Tools\Math</Filter>
    </ClInclude>
    <ClInclude Include="MathGeoLib\Math\sse_mathfun.h">
      <Filter>Tools\Math</Filter>
    </ClInclude>
    <ClInclude Include="MathGeoLib\Math\SSEMath.h">
      <Filter>Tools\Math</Filter>
    </ClInclude>
    <ClInclude Include="Timer.h">
      <Filter>Tools\Math</Filter>
    </ClInclude>
    <ClInclude Include="ImGuizmo\ImGuizmo.h">
      <Filter>Tools\ImGuizmo</Filter>
    </ClInclude>
    <ClInclude Include="MathGeoLib\Math\myassert.h" />
    <ClInclude Include="MathGeoLib\Math\Polynomial.h" />
    <ClInclude Include="MathGeoLib\Math\Quat.h" />
    <ClInclude Include="MathGeoLib\Math\quat_simd.h" />
    <ClInclude Include="MathGeoLib\Math\Rect.h" />
    <ClInclude Include="MathGeoLib\Math\Reinterpret.h" />
    <ClInclude Include="MathGeoLib\Math\simd.h" />
    <ClInclude Include="MathGeoLib\Math\SSEMath.h" />
    <ClInclude Include="MathGeoLib\Math\sse_mathfun.h" />
    <ClInclude Include="MathGeoLib\Math\TransformOps.h" />
    <ClInclude Include="MathGeoLib\Time\Clock.h" />
    <ClInclude Include="ModuleFileSystem.h">
      <Filter>Modules</Filter>
    </ClInclude>
    <ClInclude Include="ModuleTextures.h">
      <Filter>Modules</Filter>
    </ClInclude>
    <ClInclude Include="md5.h" />
    <ClInclude Include="ModuleQuadtree.h">
      <Filter>Modules</Filter>
    </ClInclude>
    <ClInclude Include="QuadTreeh.h">
      <Filter>Tools</Filter>
    </ClInclude>
    <ClInclude Include="ModuleFileSystem.h">
      <Filter>Modules</Filter>
    </ClInclude>
  </ItemGroup>
  <ItemGroup>
    <None Include="src\Geometry\KDTree.inl" />
    <None Include="src\Geometry\QuadTree.inl" />
    <None Include="src\Math\Matrix.inl" />
    <None Include="src\Math\float2.inl">
      <Filter>Tools\Math</Filter>
    </None>
  </ItemGroup>
  <ItemGroup>
    <Filter Include="GameObject">
      <UniqueIdentifier>{92e4d207-5371-4ba6-9341-b216ab139aa5}</UniqueIdentifier>
    </Filter>
    <Filter Include="Modules">
      <UniqueIdentifier>{6860ee16-9aed-493c-9de3-9d539eafed5a}</UniqueIdentifier>
    </Filter>
    <Filter Include="Tools">
      <UniqueIdentifier>{69d90a25-2be6-4857-80b1-a69bc7e34140}</UniqueIdentifier>
    </Filter>
    <Filter Include="Panels">
      <UniqueIdentifier>{4f1d3f49-df3a-4916-ac35-e51e600f383d}</UniqueIdentifier>
    </Filter>
    <Filter Include="Tools\Parson">
      <UniqueIdentifier>{780cc77f-9155-4692-8319-4301f8cc3f5e}</UniqueIdentifier>
    </Filter>
    <Filter Include="Tools\mmgr">
      <UniqueIdentifier>{9c78030f-40f1-4dbf-8145-665a7d276ef9}</UniqueIdentifier>
    </Filter>
    <Filter Include="Tools\Math">
      <UniqueIdentifier>{34437b0b-f9ae-41f1-a033-e5e0023b74d4}</UniqueIdentifier>
    </Filter>
    <Filter Include="Application">
      <UniqueIdentifier>{9ef48150-eafb-43be-a27c-3e16f750ec7d}</UniqueIdentifier>
    </Filter>
    <Filter Include="Tools\gpudetect">
      <UniqueIdentifier>{6b210266-3c6d-4f89-8636-f9d83f719766}</UniqueIdentifier>
    </Filter>
    <Filter Include="Application\Main">
      <UniqueIdentifier>{a916d836-32c8-4cda-ae1b-46962a94eae0}</UniqueIdentifier>
    </Filter>
    <Filter Include="Tools\ImGuizmo">
      <UniqueIdentifier>{f742ce9a-00a8-49ae-a979-78c488ff3c54}</UniqueIdentifier>
    </Filter>
  </ItemGroup>
</Project>