<?xml version="1.0" encoding="utf-8"?>
<Project ToolsVersion="4.0" xmlns="http://schemas.microsoft.com/developer/msbuild/2003">
  <ItemGroup>
    <ClCompile Include="Application.cpp" />
    <ClCompile Include="Color.cpp" />
    <ClCompile Include="glew-2.1.0\glew.c" />
    <ClCompile Include="glmath.cpp" />
    <ClCompile Include="gpudetect\DeviceId.cpp" />
    <ClCompile Include="Hardware.cpp" />
    <ClCompile Include="ImGui\imgui.cpp" />
    <ClCompile Include="ImGui\imgui_demo.cpp" />
    <ClCompile Include="ImGui\imgui_draw.cpp" />
    <ClCompile Include="imgui_impl_sdl.cpp" />
    <ClCompile Include="Light.cpp" />
    <ClCompile Include="log.cpp" />
    <ClCompile Include="Main.cpp" />
    <ClCompile Include="mmgr\mmgr.cpp" />
    <ClCompile Include="parson.c" />
    <ClCompile Include="PhysBody3D.cpp" />
    <ClCompile Include="PhysVehicle3D.cpp" />
    <ClCompile Include="Primitive.cpp" />
    <ClCompile Include="src\Algorithm\GJK.cpp" />
    <ClCompile Include="src\Algorithm\Random\LCG.cpp" />
    <ClCompile Include="src\Geometry\AABB.cpp" />
    <ClCompile Include="src\Geometry\Capsule.cpp" />
    <ClCompile Include="src\Geometry\Circle.cpp" />
    <ClCompile Include="src\Geometry\Frustum.cpp" />
    <ClCompile Include="src\Geometry\Line.cpp" />
    <ClCompile Include="src\Geometry\LineSegment.cpp" />
    <ClCompile Include="src\Geometry\OBB.cpp" />
    <ClCompile Include="src\Geometry\PBVolume.cpp" />
    <ClCompile Include="src\Geometry\Plane.cpp" />
    <ClCompile Include="src\Geometry\Polygon.cpp" />
    <ClCompile Include="src\Geometry\Polyhedron.cpp" />
    <ClCompile Include="src\Geometry\Ray.cpp" />
    <ClCompile Include="src\Geometry\Sphere.cpp" />
    <ClCompile Include="src\Geometry\Triangle.cpp" />
    <ClCompile Include="src\Geometry\TriangleMesh.cpp" />
    <ClCompile Include="src\Math\BitOps.cpp" />
    <ClCompile Include="src\Math\Callstack.cpp" />
    <ClCompile Include="src\Math\float2.cpp" />
    <ClCompile Include="src\Math\float3.cpp" />
    <ClCompile Include="src\Math\float3x3.cpp" />
    <ClCompile Include="src\Math\float3x4.cpp" />
    <ClCompile Include="src\Math\float4.cpp" />
    <ClCompile Include="src\Math\float4d.cpp" />
    <ClCompile Include="src\Math\float4x4.cpp" />
    <ClCompile Include="src\Math\grisu3.c" />
    <ClCompile Include="src\Math\grisu3_cpp.cpp" />
    <ClCompile Include="src\Math\MathFunc.cpp" />
    <ClCompile Include="src\Math\MathLog.cpp" />
    <ClCompile Include="src\Math\MathOps.cpp" />
    <ClCompile Include="src\Math\Polynomial.cpp" />
    <ClCompile Include="src\Math\Quat.cpp" />
    <ClCompile Include="src\Math\SSEMath.cpp" />
    <ClCompile Include="src\Math\TransformOps.cpp" />
    <ClCompile Include="src\Time\Clock.cpp" />
    <ClCompile Include="Timer.cpp" />
    <ClCompile Include="ModuleAudio.cpp">
      <Filter>Modules</Filter>
    </ClCompile>
    <ClCompile Include="ModuleCamera3D.cpp">
      <Filter>Modules</Filter>
    </ClCompile>
    <ClCompile Include="ModuleInput.cpp">
      <Filter>Modules</Filter>
    </ClCompile>
    <ClCompile Include="ModulePhysics3D.cpp">
      <Filter>Modules</Filter>
    </ClCompile>
    <ClCompile Include="ModulePlayer.cpp">
      <Filter>Modules</Filter>
    </ClCompile>
    <ClCompile Include="ModuleRenderer3D.cpp">
      <Filter>Modules</Filter>
    </ClCompile>
    <ClCompile Include="ModuleWindow.cpp">
      <Filter>Modules</Filter>
    </ClCompile>
    <ClCompile Include="ModuleAssimp.cpp">
      <Filter>Modules\Loaders</Filter>
    </ClCompile>
    <ClCompile Include="ModuleParson.cpp">
      <Filter>Modules\Loaders</Filter>
    </ClCompile>
    <ClCompile Include="ModuleTextures.cpp">
      <Filter>Modules\Loaders</Filter>
    </ClCompile>
    <ClCompile Include="ModuleEditorUI.cpp">
      <Filter>Modules</Filter>
    </ClCompile>
    <ClCompile Include="Panel.cpp">
      <Filter>Modules\Panels</Filter>
    </ClCompile>
    <ClCompile Include="PanelAbout.cpp">
      <Filter>Modules\Panels</Filter>
    </ClCompile>
    <ClCompile Include="PanelConsole.cpp">
      <Filter>Modules\Panels</Filter>
    </ClCompile>
    <ClCompile Include="PanelInspector.cpp">
      <Filter>Modules\Panels</Filter>
    </ClCompile>
    <ClCompile Include="PerfTimer.cpp">
      <Filter>Tools</Filter>
    </ClCompile>
    <ClCompile Include="GameObject.cpp">
      <Filter>GameObject</Filter>
    </ClCompile>
    <ClCompile Include="ModuleScene.cpp">
      <Filter>Modules\Scene</Filter>
    </ClCompile>
  </ItemGroup>
  <ItemGroup>
    <ClInclude Include="Application.h" />
    <ClInclude Include="Color.h" />
    <ClInclude Include="glew-2.1.0\include\GL\eglew.h" />
    <ClInclude Include="glew-2.1.0\include\GL\glew.h" />
    <ClInclude Include="glew-2.1.0\include\GL\glxew.h" />
    <ClInclude Include="glew-2.1.0\include\GL\wglew.h" />
    <ClInclude Include="glmath.h" />
    <ClInclude Include="Globals.h" />
    <ClInclude Include="gpudetect\DeviceId.h" />
    <ClInclude Include="gpudetect\dxgi1_4.h" />
    <ClInclude Include="Hardware.h" />
    <ClInclude Include="HelperFoos.h" />
    <ClInclude Include="imgui_impl_sdl.h" />
    <ClInclude Include="Light.h" />
    <ClInclude Include="mmgr\mmgr.h" />
    <ClInclude Include="mmgr\nommgr.h" />
    <ClInclude Include="parson.h" />
    <ClInclude Include="PhysBody3D.h" />
    <ClInclude Include="PhysVehicle3D.h" />
    <ClInclude Include="Primitive.h" />
    <ClInclude Include="src\Algorithm\GJK.h" />
    <ClInclude Include="src\Algorithm\Random\LCG.h" />
    <ClInclude Include="src\Algorithm\SAT.h" />
    <ClInclude Include="src\emscripten\library_system.h" />
    <ClInclude Include="src\Geometry\AABB.h" />
    <ClInclude Include="src\Geometry\AABB2D.h" />
    <ClInclude Include="src\Geometry\Capsule.h" />
    <ClInclude Include="src\Geometry\Circle.h" />
    <ClInclude Include="src\Geometry\Frustum.h" />
    <ClInclude Include="src\Geometry\GeometryAll.h" />
    <ClInclude Include="src\Geometry\GeomType.h" />
    <ClInclude Include="src\Geometry\HitInfo.h" />
    <ClInclude Include="src\Geometry\KDTree.h" />
    <ClInclude Include="src\Geometry\Line.h" />
    <ClInclude Include="src\Geometry\LineSegment.h" />
    <ClInclude Include="src\Geometry\OBB.h" />
    <ClInclude Include="src\Geometry\PBVolume.h" />
    <ClInclude Include="src\Geometry\Plane.h" />
    <ClInclude Include="src\Geometry\Polygon.h" />
    <ClInclude Include="src\Geometry\Polyhedron.h" />
    <ClInclude Include="src\Geometry\QuadTree.h" />
    <ClInclude Include="src\Geometry\Ray.h" />
    <ClInclude Include="src\Geometry\Sphere.h" />
    <ClInclude Include="src\Geometry\Triangle.h" />
    <ClInclude Include="src\Geometry\TriangleMesh.h" />
    <ClInclude Include="src\MathBuildConfig.h" />
    <ClInclude Include="src\MathGeoLib.h" />
    <ClInclude Include="src\MathGeoLibFwd.h" />
    <ClInclude Include="src\Math\assume.h" />
    <ClInclude Include="src\Math\BitOps.h" />
    <ClInclude Include="src\Math\Callstack.h" />
    <ClInclude Include="src\Math\FixedPoint.h" />
    <ClInclude Include="src\Math\float2.h" />
    <ClInclude Include="src\Math\float3.h" />
    <ClInclude Include="src\Math\float3x3.h" />
    <ClInclude Include="src\Math\float3x4.h" />
    <ClInclude Include="src\Math\float4.h" />
    <ClInclude Include="src\Math\float4d.h" />
    <ClInclude Include="src\Math\float4x4.h" />
    <ClInclude Include="src\Math\float4x4_neon.h" />
    <ClInclude Include="src\Math\float4x4_sse.h" />
    <ClInclude Include="src\Math\float4_neon.h" />
    <ClInclude Include="src\Math\float4_sse.h" />
    <ClInclude Include="src\Math\FloatCmp.h" />
    <ClInclude Include="src\Math\grisu3.h" />
    <ClInclude Include="src\Math\InclWindows.h" />
    <ClInclude Include="src\Math\MathAll.h" />
    <ClInclude Include="src\Math\MathConstants.h" />
    <ClInclude Include="src\Math\MathFunc.h" />
    <ClInclude Include="src\Math\MathLog.h" />
    <ClInclude Include="src\Math\MathNamespace.h" />
    <ClInclude Include="src\Math\MathTypes.h" />
    <ClInclude Include="src\Math\MatrixProxy.h" />
    <ClInclude Include="src\Math\myassert.h" />
    <ClInclude Include="src\Math\Polynomial.h" />
    <ClInclude Include="src\Math\Quat.h" />
    <ClInclude Include="src\Math\quat_simd.h" />
    <ClInclude Include="src\Math\Rect.h" />
    <ClInclude Include="src\Math\Reinterpret.h" />
    <ClInclude Include="src\Math\simd.h" />
    <ClInclude Include="src\Math\SSEMath.h" />
    <ClInclude Include="src\Math\sse_mathfun.h" />
    <ClInclude Include="src\Math\TransformOps.h" />
    <ClInclude Include="src\Time\Clock.h" />
    <ClInclude Include="Timer.h" />
    <ClInclude Include="ModuleAudio.h">
      <Filter>Modules</Filter>
    </ClInclude>
    <ClInclude Include="ModuleCamera3D.h">
      <Filter>Modules</Filter>
    </ClInclude>
    <ClInclude Include="ModuleInput.h">
      <Filter>Modules</Filter>
    </ClInclude>
    <ClInclude Include="ModulePhysics3D.h">
      <Filter>Modules</Filter>
    </ClInclude>
    <ClInclude Include="ModulePlayer.h">
      <Filter>Modules</Filter>
    </ClInclude>
    <ClInclude Include="ModuleRenderer3D.h">
      <Filter>Modules</Filter>
    </ClInclude>
    <ClInclude Include="ModuleWindow.h">
      <Filter>Modules</Filter>
    </ClInclude>
    <ClInclude Include="Module.h">
      <Filter>Modules</Filter>
    </ClInclude>
    <ClInclude Include="ModuleAssimp.h">
      <Filter>Modules\Loaders</Filter>
    </ClInclude>
    <ClInclude Include="ModuleParson.h">
      <Filter>Modules\Loaders</Filter>
    </ClInclude>
    <ClInclude Include="ModuleTextures.h">
      <Filter>Modules\Loaders</Filter>
    </ClInclude>
    <ClInclude Include="ModuleEditorUI.h">
      <Filter>Modules</Filter>
    </ClInclude>
    <ClInclude Include="Panel.h">
      <Filter>Modules\Panels</Filter>
    </ClInclude>
    <ClInclude Include="PanelAbout.h">
      <Filter>Modules\Panels</Filter>
    </ClInclude>
    <ClInclude Include="PanelConsole.h">
      <Filter>Modules\Panels</Filter>
    </ClInclude>
    <ClInclude Include="PanelInspector.h">
      <Filter>Modules\Panels</Filter>
    </ClInclude>
    <ClInclude Include="PerfTimer.h">
      <Filter>Tools</Filter>
    </ClInclude>
    <ClInclude Include="GameObject.h">
      <Filter>GameObject</Filter>
    </ClInclude>
    <ClInclude Include="ModuleScene.h">
      <Filter>Modules\Scene</Filter>
    </ClInclude>
  </ItemGroup>
  <ItemGroup>
    <None Include="src\Geometry\KDTree.inl" />
    <None Include="src\Geometry\QuadTree.inl" />
    <None Include="src\Math\float2.inl" />
    <None Include="src\Math\Matrix.inl" />
  </ItemGroup>
  <ItemGroup>
    <Filter Include="Modules">
      <UniqueIdentifier>{076e3a68-78aa-4218-9766-8e0bf33dfcee}</UniqueIdentifier>
    </Filter>
    <Filter Include="MathGeo">
      <UniqueIdentifier>{2a5118d2-df2b-4ac4-a490-f81fbf910a1c}</UniqueIdentifier>
    </Filter>
    <Filter Include="Modules\Loaders">
      <UniqueIdentifier>{378ab0ef-39a7-4e00-9643-d39a87b97f3f}</UniqueIdentifier>
    </Filter>
    <Filter Include="Modules\Panels">
      <UniqueIdentifier>{68878a14-636f-4cd9-afa4-c9609921a996}</UniqueIdentifier>
    </Filter>
    <Filter Include="Tools">
      <UniqueIdentifier>{f812f70b-ac10-4c48-9a5d-02507e6cf400}</UniqueIdentifier>
    </Filter>
    <Filter Include="GameObject">
      <UniqueIdentifier>{8153403d-73ee-4579-b4a4-0262017c55d6}</UniqueIdentifier>
    </Filter>
    <Filter Include="Modules\Scene">
      <UniqueIdentifier>{cb9a6d29-5f9d-4222-ba71-1e0e14a86d33}</UniqueIdentifier>
    </Filter>
  </ItemGroup>
</Project>